
Microsoft Visual Studio Solution File, Format Version 12.00
# Visual Studio Version 16
VisualStudioVersion = 16.0.30804.86
MinimumVisualStudioVersion = 10.0.40219.1
Project("{9A19103F-16F7-4668-BE54-9A1E7A4F7556}") = "WebStore", "WebStore\WebStore.csproj", "{853D2533-760A-428F-9310-4DDC20E8D325}"
EndProject
Project("{9A19103F-16F7-4668-BE54-9A1E7A4F7556}") = "WebStore.Domain", "WebStore.Domain\WebStore.Domain.csproj", "{91326D5C-0487-4710-8F0E-5CB5ED34B8BE}"
EndProject
Project("{FAE04EC0-301F-11D3-BF4B-00C04F79EFBC}") = "WebStore.DAL", "WebStore.DAL\WebStore.DAL.csproj", "{9F51483C-2F9F-4215-80E7-3F872DEDE763}"
EndProject
Global
	GlobalSection(SolutionConfigurationPlatforms) = preSolution
		Debug|Any CPU = Debug|Any CPU
		Release|Any CPU = Release|Any CPU
	EndGlobalSection
	GlobalSection(ProjectConfigurationPlatforms) = postSolution
		{853D2533-760A-428F-9310-4DDC20E8D325}.Debug|Any CPU.ActiveCfg = Debug|Any CPU
		{853D2533-760A-428F-9310-4DDC20E8D325}.Debug|Any CPU.Build.0 = Debug|Any CPU
		{853D2533-760A-428F-9310-4DDC20E8D325}.Release|Any CPU.ActiveCfg = Release|Any CPU
		{853D2533-760A-428F-9310-4DDC20E8D325}.Release|Any CPU.Build.0 = Release|Any CPU
		{91326D5C-0487-4710-8F0E-5CB5ED34B8BE}.Debug|Any CPU.ActiveCfg = Debug|Any CPU
		{91326D5C-0487-4710-8F0E-5CB5ED34B8BE}.Debug|Any CPU.Build.0 = Debug|Any CPU
		{91326D5C-0487-4710-8F0E-5CB5ED34B8BE}.Release|Any CPU.ActiveCfg = Release|Any CPU
		{91326D5C-0487-4710-8F0E-5CB5ED34B8BE}.Release|Any CPU.Build.0 = Release|Any CPU
		{9F51483C-2F9F-4215-80E7-3F872DEDE763}.Debug|Any CPU.ActiveCfg = Debug|Any CPU
		{9F51483C-2F9F-4215-80E7-3F872DEDE763}.Debug|Any CPU.Build.0 = Debug|Any CPU
		{9F51483C-2F9F-4215-80E7-3F872DEDE763}.Release|Any CPU.ActiveCfg = Release|Any CPU
		{9F51483C-2F9F-4215-80E7-3F872DEDE763}.Release|Any CPU.Build.0 = Release|Any CPU
	EndGlobalSection
	GlobalSection(SolutionProperties) = preSolution
		HideSolutionNode = FALSE
	EndGlobalSection
	GlobalSection(ExtensibilityGlobals) = postSolution
		SolutionGuid = {D57C789F-664D-477C-AC73-CC518E4170A6}
	EndGlobalSection
EndGlobal
