
Microsoft Visual Studio Solution File, Format Version 12.00
# Visual Studio Version 16
VisualStudioVersion = 16.0.30804.86
MinimumVisualStudioVersion = 10.0.40219.1
Project("{2150E333-8FDC-42A3-9474-1A3956D46DE8}") = "Common", "Common", "{F285031E-019A-444D-B0EF-2A89E6E92CCE}"
EndProject
Project("{2150E333-8FDC-42A3-9474-1A3956D46DE8}") = "Services", "Services", "{43C8A383-56EA-4B91-9CFA-94286343867D}"
EndProject
Project("{2150E333-8FDC-42A3-9474-1A3956D46DE8}") = "UI", "UI", "{1036C41C-A82E-4844-A75D-A621AD39BF2C}"
EndProject
Project("{9A19103F-16F7-4668-BE54-9A1E7A4F7556}") = "WebStore.Domain", "Common\WebStore.Domain\WebStore.Domain.csproj", "{E0341A85-0882-44B4-9FA3-6AE2149EC92A}"
EndProject
Project("{9A19103F-16F7-4668-BE54-9A1E7A4F7556}") = "WebStore.DAL", "Services\WebStore.DAL\WebStore.DAL.csproj", "{D17D6C0D-58C5-469F-9304-B148BF166A52}"
EndProject
Project("{9A19103F-16F7-4668-BE54-9A1E7A4F7556}") = "WebStore", "UI\WebStore\WebStore.csproj", "{5A2CAE3B-4AC8-4A46-991F-8783533AFAB5}"
EndProject
Project("{FAE04EC0-301F-11D3-BF4B-00C04F79EFBC}") = "WebStore.Interfaces", "Services\WebStore.Interfaces\WebStore.Interfaces.csproj", "{72BC2DD6-5EBC-4709-BD72-9F27B2C3397C}"
EndProject
Project("{FAE04EC0-301F-11D3-BF4B-00C04F79EFBC}") = "WebStore.Services", "Services\WebStore.Services\WebStore.Services.csproj", "{509BE589-F05C-4687-917D-B8427DD9BD00}"
EndProject
Project("{FAE04EC0-301F-11D3-BF4B-00C04F79EFBC}") = "WebStore.ServiceHosting", "Services\WebStore.ServiceHosting\WebStore.ServiceHosting.csproj", "{412DB883-5311-4D0F-BCDB-0010837F8C69}"
EndProject
Project("{FAE04EC0-301F-11D3-BF4B-00C04F79EFBC}") = "WebStore.Clients", "Services\WebStore.Clients\WebStore.Clients.csproj", "{9DE3AD75-45E1-4A23-A8F7-9F1FDEEEFCEB}"
EndProject
Global
	GlobalSection(SolutionConfigurationPlatforms) = preSolution
		Debug|Any CPU = Debug|Any CPU
		Release|Any CPU = Release|Any CPU
	EndGlobalSection
	GlobalSection(ProjectConfigurationPlatforms) = postSolution
		{E0341A85-0882-44B4-9FA3-6AE2149EC92A}.Debug|Any CPU.ActiveCfg = Debug|Any CPU
		{E0341A85-0882-44B4-9FA3-6AE2149EC92A}.Debug|Any CPU.Build.0 = Debug|Any CPU
		{E0341A85-0882-44B4-9FA3-6AE2149EC92A}.Release|Any CPU.ActiveCfg = Release|Any CPU
		{E0341A85-0882-44B4-9FA3-6AE2149EC92A}.Release|Any CPU.Build.0 = Release|Any CPU
		{D17D6C0D-58C5-469F-9304-B148BF166A52}.Debug|Any CPU.ActiveCfg = Debug|Any CPU
		{D17D6C0D-58C5-469F-9304-B148BF166A52}.Debug|Any CPU.Build.0 = Debug|Any CPU
		{D17D6C0D-58C5-469F-9304-B148BF166A52}.Release|Any CPU.ActiveCfg = Release|Any CPU
		{D17D6C0D-58C5-469F-9304-B148BF166A52}.Release|Any CPU.Build.0 = Release|Any CPU
		{5A2CAE3B-4AC8-4A46-991F-8783533AFAB5}.Debug|Any CPU.ActiveCfg = Debug|Any CPU
		{5A2CAE3B-4AC8-4A46-991F-8783533AFAB5}.Debug|Any CPU.Build.0 = Debug|Any CPU
		{5A2CAE3B-4AC8-4A46-991F-8783533AFAB5}.Release|Any CPU.ActiveCfg = Release|Any CPU
		{5A2CAE3B-4AC8-4A46-991F-8783533AFAB5}.Release|Any CPU.Build.0 = Release|Any CPU
		{72BC2DD6-5EBC-4709-BD72-9F27B2C3397C}.Debug|Any CPU.ActiveCfg = Debug|Any CPU
		{72BC2DD6-5EBC-4709-BD72-9F27B2C3397C}.Debug|Any CPU.Build.0 = Debug|Any CPU
		{72BC2DD6-5EBC-4709-BD72-9F27B2C3397C}.Release|Any CPU.ActiveCfg = Release|Any CPU
		{72BC2DD6-5EBC-4709-BD72-9F27B2C3397C}.Release|Any CPU.Build.0 = Release|Any CPU
		{509BE589-F05C-4687-917D-B8427DD9BD00}.Debug|Any CPU.ActiveCfg = Debug|Any CPU
		{509BE589-F05C-4687-917D-B8427DD9BD00}.Debug|Any CPU.Build.0 = Debug|Any CPU
		{509BE589-F05C-4687-917D-B8427DD9BD00}.Release|Any CPU.ActiveCfg = Release|Any CPU
		{509BE589-F05C-4687-917D-B8427DD9BD00}.Release|Any CPU.Build.0 = Release|Any CPU
		{412DB883-5311-4D0F-BCDB-0010837F8C69}.Debug|Any CPU.ActiveCfg = Debug|Any CPU
		{412DB883-5311-4D0F-BCDB-0010837F8C69}.Debug|Any CPU.Build.0 = Debug|Any CPU
		{412DB883-5311-4D0F-BCDB-0010837F8C69}.Release|Any CPU.ActiveCfg = Release|Any CPU
		{412DB883-5311-4D0F-BCDB-0010837F8C69}.Release|Any CPU.Build.0 = Release|Any CPU
		{9DE3AD75-45E1-4A23-A8F7-9F1FDEEEFCEB}.Debug|Any CPU.ActiveCfg = Debug|Any CPU
		{9DE3AD75-45E1-4A23-A8F7-9F1FDEEEFCEB}.Debug|Any CPU.Build.0 = Debug|Any CPU
		{9DE3AD75-45E1-4A23-A8F7-9F1FDEEEFCEB}.Release|Any CPU.ActiveCfg = Release|Any CPU
		{9DE3AD75-45E1-4A23-A8F7-9F1FDEEEFCEB}.Release|Any CPU.Build.0 = Release|Any CPU
	EndGlobalSection
	GlobalSection(SolutionProperties) = preSolution
		HideSolutionNode = FALSE
	EndGlobalSection
	GlobalSection(NestedProjects) = preSolution
		{E0341A85-0882-44B4-9FA3-6AE2149EC92A} = {F285031E-019A-444D-B0EF-2A89E6E92CCE}
		{D17D6C0D-58C5-469F-9304-B148BF166A52} = {43C8A383-56EA-4B91-9CFA-94286343867D}
		{5A2CAE3B-4AC8-4A46-991F-8783533AFAB5} = {1036C41C-A82E-4844-A75D-A621AD39BF2C}
		{72BC2DD6-5EBC-4709-BD72-9F27B2C3397C} = {43C8A383-56EA-4B91-9CFA-94286343867D}
		{509BE589-F05C-4687-917D-B8427DD9BD00} = {43C8A383-56EA-4B91-9CFA-94286343867D}
		{412DB883-5311-4D0F-BCDB-0010837F8C69} = {43C8A383-56EA-4B91-9CFA-94286343867D}
		{9DE3AD75-45E1-4A23-A8F7-9F1FDEEEFCEB} = {43C8A383-56EA-4B91-9CFA-94286343867D}
	EndGlobalSection
	GlobalSection(ExtensibilityGlobals) = postSolution
		SolutionGuid = {D57C789F-664D-477C-AC73-CC518E4170A6}
	EndGlobalSection
EndGlobal
